// !$*UTF8*$!
{
	archiveVersion = 1;
	classes = {
	};
	objectVersion = 56;
	objects = {

/* Begin PBXBuildFile section */
		34AD13612BE8624D00CE0819 /* ZartonkApp.swift in Sources */ = {isa = PBXBuildFile; fileRef = 34AD13602BE8624D00CE0819 /* ZartonkApp.swift */; };
		34AD13632BE8624D00CE0819 /* ContentView.swift in Sources */ = {isa = PBXBuildFile; fileRef = 34AD13622BE8624D00CE0819 /* ContentView.swift */; };
		34AD13652BE8624E00CE0819 /* Assets.xcassets in Resources */ = {isa = PBXBuildFile; fileRef = 34AD13642BE8624E00CE0819 /* Assets.xcassets */; };
		34AD13692BE8624E00CE0819 /* Preview Assets.xcassets in Resources */ = {isa = PBXBuildFile; fileRef = 34AD13682BE8624E00CE0819 /* Preview Assets.xcassets */; };
		34AD13732BE8624E00CE0819 /* ZartonkTests.swift in Sources */ = {isa = PBXBuildFile; fileRef = 34AD13722BE8624E00CE0819 /* ZartonkTests.swift */; };
		34AD137D2BE8624E00CE0819 /* ZartonkUITests.swift in Sources */ = {isa = PBXBuildFile; fileRef = 34AD137C2BE8624E00CE0819 /* ZartonkUITests.swift */; };
		34AD137F2BE8624E00CE0819 /* ZartonkUITestsLaunchTests.swift in Sources */ = {isa = PBXBuildFile; fileRef = 34AD137E2BE8624E00CE0819 /* ZartonkUITestsLaunchTests.swift */; };
/* End PBXBuildFile section */

/* Begin PBXContainerItemProxy section */
		34AD136F2BE8624E00CE0819 /* PBXContainerItemProxy */ = {
			isa = PBXContainerItemProxy;
			containerPortal = 34AD13552BE8624D00CE0819 /* Project object */;
			proxyType = 1;
			remoteGlobalIDString = 34AD135C2BE8624D00CE0819;
			remoteInfo = Zartonk;
		};
		34AD13792BE8624E00CE0819 /* PBXContainerItemProxy */ = {
			isa = PBXContainerItemProxy;
			containerPortal = 34AD13552BE8624D00CE0819 /* Project object */;
			proxyType = 1;
			remoteGlobalIDString = 34AD135C2BE8624D00CE0819;
			remoteInfo = Zartonk;
		};
/* End PBXContainerItemProxy section */

/* Begin PBXFileReference section */
		34AD135D2BE8624D00CE0819 /* Zartonk.app */ = {isa = PBXFileReference; explicitFileType = wrapper.application; includeInIndex = 0; path = Zartonk.app; sourceTree = BUILT_PRODUCTS_DIR; };
		34AD13602BE8624D00CE0819 /* ZartonkApp.swift */ = {isa = PBXFileReference; lastKnownFileType = sourcecode.swift; path = ZartonkApp.swift; sourceTree = "<group>"; };
		34AD13622BE8624D00CE0819 /* ContentView.swift */ = {isa = PBXFileReference; lastKnownFileType = sourcecode.swift; path = ContentView.swift; sourceTree = "<group>"; };
		34AD13642BE8624E00CE0819 /* Assets.xcassets */ = {isa = PBXFileReference; lastKnownFileType = folder.assetcatalog; path = Assets.xcassets; sourceTree = "<group>"; };
		34AD13662BE8624E00CE0819 /* Zartonk.entitlements */ = {isa = PBXFileReference; lastKnownFileType = text.plist.entitlements; path = Zartonk.entitlements; sourceTree = "<group>"; };
		34AD13682BE8624E00CE0819 /* Preview Assets.xcassets */ = {isa = PBXFileReference; lastKnownFileType = folder.assetcatalog; path = "Preview Assets.xcassets"; sourceTree = "<group>"; };
		34AD136E2BE8624E00CE0819 /* ZartonkTests.xctest */ = {isa = PBXFileReference; explicitFileType = wrapper.cfbundle; includeInIndex = 0; path = ZartonkTests.xctest; sourceTree = BUILT_PRODUCTS_DIR; };
		34AD13722BE8624E00CE0819 /* ZartonkTests.swift */ = {isa = PBXFileReference; lastKnownFileType = sourcecode.swift; path = ZartonkTests.swift; sourceTree = "<group>"; };
		34AD13782BE8624E00CE0819 /* ZartonkUITests.xctest */ = {isa = PBXFileReference; explicitFileType = wrapper.cfbundle; includeInIndex = 0; path = ZartonkUITests.xctest; sourceTree = BUILT_PRODUCTS_DIR; };
		34AD137C2BE8624E00CE0819 /* ZartonkUITests.swift */ = {isa = PBXFileReference; lastKnownFileType = sourcecode.swift; path = ZartonkUITests.swift; sourceTree = "<group>"; };
		34AD137E2BE8624E00CE0819 /* ZartonkUITestsLaunchTests.swift */ = {isa = PBXFileReference; lastKnownFileType = sourcecode.swift; path = ZartonkUITestsLaunchTests.swift; sourceTree = "<group>"; };
/* End PBXFileReference section */

/* Begin PBXFrameworksBuildPhase section */
		34AD135A2BE8624D00CE0819 /* Frameworks */ = {
			isa = PBXFrameworksBuildPhase;
			buildActionMask = 2147483647;
			files = (
			);
			runOnlyForDeploymentPostprocessing = 0;
		};
		34AD136B2BE8624E00CE0819 /* Frameworks */ = {
			isa = PBXFrameworksBuildPhase;
			buildActionMask = 2147483647;
			files = (
			);
			runOnlyForDeploymentPostprocessing = 0;
		};
		34AD13752BE8624E00CE0819 /* Frameworks */ = {
			isa = PBXFrameworksBuildPhase;
			buildActionMask = 2147483647;
			files = (
			);
			runOnlyForDeploymentPostprocessing = 0;
		};
/* End PBXFrameworksBuildPhase section */

/* Begin PBXGroup section */
		34AD13542BE8624D00CE0819 = {
			isa = PBXGroup;
			children = (
				34AD135F2BE8624D00CE0819 /* Zartonk */,
				34AD13712BE8624E00CE0819 /* ZartonkTests */,
				34AD137B2BE8624E00CE0819 /* ZartonkUITests */,
				34AD135E2BE8624D00CE0819 /* Products */,
			);
			sourceTree = "<group>";
		};
		34AD135E2BE8624D00CE0819 /* Products */ = {
			isa = PBXGroup;
			children = (
				34AD135D2BE8624D00CE0819 /* Zartonk.app */,
				34AD136E2BE8624E00CE0819 /* ZartonkTests.xctest */,
				34AD13782BE8624E00CE0819 /* ZartonkUITests.xctest */,
			);
			name = Products;
			sourceTree = "<group>";
		};
		34AD135F2BE8624D00CE0819 /* Zartonk */ = {
			isa = PBXGroup;
			children = (
				34AD13602BE8624D00CE0819 /* ZartonkApp.swift */,
				34AD13622BE8624D00CE0819 /* ContentView.swift */,
				34AD13642BE8624E00CE0819 /* Assets.xcassets */,
				34AD13662BE8624E00CE0819 /* Zartonk.entitlements */,
				34AD13672BE8624E00CE0819 /* Preview Content */,
			);
			path = Zartonk;
			sourceTree = "<group>";
		};
		34AD13672BE8624E00CE0819 /* Preview Content */ = {
			isa = PBXGroup;
			children = (
				34AD13682BE8624E00CE0819 /* Preview Assets.xcassets */,
			);
			path = "Preview Content";
			sourceTree = "<group>";
		};
		34AD13712BE8624E00CE0819 /* ZartonkTests */ = {
			isa = PBXGroup;
			children = (
				34AD13722BE8624E00CE0819 /* ZartonkTests.swift */,
			);
			path = ZartonkTests;
			sourceTree = "<group>";
		};
		34AD137B2BE8624E00CE0819 /* ZartonkUITests */ = {
			isa = PBXGroup;
			children = (
				34AD137C2BE8624E00CE0819 /* ZartonkUITests.swift */,
				34AD137E2BE8624E00CE0819 /* ZartonkUITestsLaunchTests.swift */,
			);
			path = ZartonkUITests;
			sourceTree = "<group>";
		};
/* End PBXGroup section */

/* Begin PBXNativeTarget section */
		34AD135C2BE8624D00CE0819 /* Zartonk */ = {
			isa = PBXNativeTarget;
			buildConfigurationList = 34AD13822BE8624E00CE0819 /* Build configuration list for PBXNativeTarget "Zartonk" */;
			buildPhases = (
				34AD13592BE8624D00CE0819 /* Sources */,
				34AD135A2BE8624D00CE0819 /* Frameworks */,
				34AD135B2BE8624D00CE0819 /* Resources */,
			);
			buildRules = (
			);
			dependencies = (
			);
			name = Zartonk;
			productName = Zartonk;
			productReference = 34AD135D2BE8624D00CE0819 /* Zartonk.app */;
			productType = "com.apple.product-type.application";
		};
		34AD136D2BE8624E00CE0819 /* ZartonkTests */ = {
			isa = PBXNativeTarget;
			buildConfigurationList = 34AD13852BE8624E00CE0819 /* Build configuration list for PBXNativeTarget "ZartonkTests" */;
			buildPhases = (
				34AD136A2BE8624E00CE0819 /* Sources */,
				34AD136B2BE8624E00CE0819 /* Frameworks */,
				34AD136C2BE8624E00CE0819 /* Resources */,
			);
			buildRules = (
			);
			dependencies = (
				34AD13702BE8624E00CE0819 /* PBXTargetDependency */,
			);
			name = ZartonkTests;
			productName = ZartonkTests;
			productReference = 34AD136E2BE8624E00CE0819 /* ZartonkTests.xctest */;
			productType = "com.apple.product-type.bundle.unit-test";
		};
		34AD13772BE8624E00CE0819 /* ZartonkUITests */ = {
			isa = PBXNativeTarget;
			buildConfigurationList = 34AD13882BE8624E00CE0819 /* Build configuration list for PBXNativeTarget "ZartonkUITests" */;
			buildPhases = (
				34AD13742BE8624E00CE0819 /* Sources */,
				34AD13752BE8624E00CE0819 /* Frameworks */,
				34AD13762BE8624E00CE0819 /* Resources */,
			);
			buildRules = (
			);
			dependencies = (
				34AD137A2BE8624E00CE0819 /* PBXTargetDependency */,
			);
			name = ZartonkUITests;
			productName = ZartonkUITests;
			productReference = 34AD13782BE8624E00CE0819 /* ZartonkUITests.xctest */;
			productType = "com.apple.product-type.bundle.ui-testing";
		};
/* End PBXNativeTarget section */

/* Begin PBXProject section */
		34AD13552BE8624D00CE0819 /* Project object */ = {
			isa = PBXProject;
			attributes = {
				BuildIndependentTargetsInParallel = 1;
				LastSwiftUpdateCheck = 1520;
				LastUpgradeCheck = 1520;
				TargetAttributes = {
					34AD135C2BE8624D00CE0819 = {
						CreatedOnToolsVersion = 15.2;
					};
					34AD136D2BE8624E00CE0819 = {
						CreatedOnToolsVersion = 15.2;
						TestTargetID = 34AD135C2BE8624D00CE0819;
					};
					34AD13772BE8624E00CE0819 = {
						CreatedOnToolsVersion = 15.2;
						TestTargetID = 34AD135C2BE8624D00CE0819;
					};
				};
			};
			buildConfigurationList = 34AD13582BE8624D00CE0819 /* Build configuration list for PBXProject "Zartonk" */;
			compatibilityVersion = "Xcode 14.0";
			developmentRegion = en;
			hasScannedForEncodings = 0;
			knownRegions = (
				en,
				Base,
			);
			mainGroup = 34AD13542BE8624D00CE0819;
			productRefGroup = 34AD135E2BE8624D00CE0819 /* Products */;
			projectDirPath = "";
			projectRoot = "";
			targets = (
				34AD135C2BE8624D00CE0819 /* Zartonk */,
				34AD136D2BE8624E00CE0819 /* ZartonkTests */,
				34AD13772BE8624E00CE0819 /* ZartonkUITests */,
			);
		};
/* End PBXProject section */

/* Begin PBXResourcesBuildPhase section */
		34AD135B2BE8624D00CE0819 /* Resources */ = {
			isa = PBXResourcesBuildPhase;
			buildActionMask = 2147483647;
			files = (
				34AD13692BE8624E00CE0819 /* Preview Assets.xcassets in Resources */,
				34AD13652BE8624E00CE0819 /* Assets.xcassets in Resources */,
			);
			runOnlyForDeploymentPostprocessing = 0;
		};
		34AD136C2BE8624E00CE0819 /* Resources */ = {
			isa = PBXResourcesBuildPhase;
			buildActionMask = 2147483647;
			files = (
			);
			runOnlyForDeploymentPostprocessing = 0;
		};
		34AD13762BE8624E00CE0819 /* Resources */ = {
			isa = PBXResourcesBuildPhase;
			buildActionMask = 2147483647;
			files = (
			);
			runOnlyForDeploymentPostprocessing = 0;
		};
/* End PBXResourcesBuildPhase section */

/* Begin PBXSourcesBuildPhase section */
		34AD13592BE8624D00CE0819 /* Sources */ = {
			isa = PBXSourcesBuildPhase;
			buildActionMask = 2147483647;
			files = (
				34AD13632BE8624D00CE0819 /* ContentView.swift in Sources */,
				34AD13612BE8624D00CE0819 /* ZartonkApp.swift in Sources */,
			);
			runOnlyForDeploymentPostprocessing = 0;
		};
		34AD136A2BE8624E00CE0819 /* Sources */ = {
			isa = PBXSourcesBuildPhase;
			buildActionMask = 2147483647;
			files = (
				34AD13732BE8624E00CE0819 /* ZartonkTests.swift in Sources */,
			);
			runOnlyForDeploymentPostprocessing = 0;
		};
		34AD13742BE8624E00CE0819 /* Sources */ = {
			isa = PBXSourcesBuildPhase;
			buildActionMask = 2147483647;
			files = (
				34AD137F2BE8624E00CE0819 /* ZartonkUITestsLaunchTests.swift in Sources */,
				34AD137D2BE8624E00CE0819 /* ZartonkUITests.swift in Sources */,
			);
			runOnlyForDeploymentPostprocessing = 0;
		};
/* End PBXSourcesBuildPhase section */

/* Begin PBXTargetDependency section */
		34AD13702BE8624E00CE0819 /* PBXTargetDependency */ = {
			isa = PBXTargetDependency;
			target = 34AD135C2BE8624D00CE0819 /* Zartonk */;
			targetProxy = 34AD136F2BE8624E00CE0819 /* PBXContainerItemProxy */;
		};
		34AD137A2BE8624E00CE0819 /* PBXTargetDependency */ = {
			isa = PBXTargetDependency;
			target = 34AD135C2BE8624D00CE0819 /* Zartonk */;
			targetProxy = 34AD13792BE8624E00CE0819 /* PBXContainerItemProxy */;
		};
/* End PBXTargetDependency section */

/* Begin XCBuildConfiguration section */
		34AD13802BE8624E00CE0819 /* Debug */ = {
			isa = XCBuildConfiguration;
			buildSettings = {
				ALWAYS_SEARCH_USER_PATHS = NO;
				ASSETCATALOG_COMPILER_GENERATE_SWIFT_ASSET_SYMBOL_EXTENSIONS = YES;
				CLANG_ANALYZER_NONNULL = YES;
				CLANG_ANALYZER_NUMBER_OBJECT_CONVERSION = YES_AGGRESSIVE;
				CLANG_CXX_LANGUAGE_STANDARD = "gnu++20";
				CLANG_ENABLE_MODULES = YES;
				CLANG_ENABLE_OBJC_ARC = YES;
				CLANG_ENABLE_OBJC_WEAK = YES;
				CLANG_WARN_BLOCK_CAPTURE_AUTORELEASING = YES;
				CLANG_WARN_BOOL_CONVERSION = YES;
				CLANG_WARN_COMMA = YES;
				CLANG_WARN_CONSTANT_CONVERSION = YES;
				CLANG_WARN_DEPRECATED_OBJC_IMPLEMENTATIONS = YES;
				CLANG_WARN_DIRECT_OBJC_ISA_USAGE = YES_ERROR;
				CLANG_WARN_DOCUMENTATION_COMMENTS = YES;
				CLANG_WARN_EMPTY_BODY = YES;
				CLANG_WARN_ENUM_CONVERSION = YES;
				CLANG_WARN_INFINITE_RECURSION = YES;
				CLANG_WARN_INT_CONVERSION = YES;
				CLANG_WARN_NON_LITERAL_NULL_CONVERSION = YES;
				CLANG_WARN_OBJC_IMPLICIT_RETAIN_SELF = YES;
				CLANG_WARN_OBJC_LITERAL_CONVERSION = YES;
				CLANG_WARN_OBJC_ROOT_CLASS = YES_ERROR;
				CLANG_WARN_QUOTED_INCLUDE_IN_FRAMEWORK_HEADER = YES;
				CLANG_WARN_RANGE_LOOP_ANALYSIS = YES;
				CLANG_WARN_STRICT_PROTOTYPES = YES;
				CLANG_WARN_SUSPICIOUS_MOVE = YES;
				CLANG_WARN_UNGUARDED_AVAILABILITY = YES_AGGRESSIVE;
				CLANG_WARN_UNREACHABLE_CODE = YES;
				CLANG_WARN__DUPLICATE_METHOD_MATCH = YES;
				COPY_PHASE_STRIP = NO;
				DEBUG_INFORMATION_FORMAT = dwarf;
				ENABLE_STRICT_OBJC_MSGSEND = YES;
				ENABLE_TESTABILITY = YES;
				ENABLE_USER_SCRIPT_SANDBOXING = YES;
				GCC_C_LANGUAGE_STANDARD = gnu17;
				GCC_DYNAMIC_NO_PIC = NO;
				GCC_NO_COMMON_BLOCKS = YES;
				GCC_OPTIMIZATION_LEVEL = 0;
				GCC_PREPROCESSOR_DEFINITIONS = (
					"DEBUG=1",
					"$(inherited)",
				);
				GCC_WARN_64_TO_32_BIT_CONVERSION = YES;
				GCC_WARN_ABOUT_RETURN_TYPE = YES_ERROR;
				GCC_WARN_UNDECLARED_SELECTOR = YES;
				GCC_WARN_UNINITIALIZED_AUTOS = YES_AGGRESSIVE;
				GCC_WARN_UNUSED_FUNCTION = YES;
				GCC_WARN_UNUSED_VARIABLE = YES;
				LOCALIZATION_PREFERS_STRING_CATALOGS = YES;
				MTL_ENABLE_DEBUG_INFO = INCLUDE_SOURCE;
				MTL_FAST_MATH = YES;
				ONLY_ACTIVE_ARCH = YES;
				SWIFT_ACTIVE_COMPILATION_CONDITIONS = "DEBUG $(inherited)";
				SWIFT_OPTIMIZATION_LEVEL = "-Onone";
			};
			name = Debug;
		};
		34AD13812BE8624E00CE0819 /* Release */ = {
			isa = XCBuildConfiguration;
			buildSettings = {
				ALWAYS_SEARCH_USER_PATHS = NO;
				ASSETCATALOG_COMPILER_GENERATE_SWIFT_ASSET_SYMBOL_EXTENSIONS = YES;
				CLANG_ANALYZER_NONNULL = YES;
				CLANG_ANALYZER_NUMBER_OBJECT_CONVERSION = YES_AGGRESSIVE;
				CLANG_CXX_LANGUAGE_STANDARD = "gnu++20";
				CLANG_ENABLE_MODULES = YES;
				CLANG_ENABLE_OBJC_ARC = YES;
				CLANG_ENABLE_OBJC_WEAK = YES;
				CLANG_WARN_BLOCK_CAPTURE_AUTORELEASING = YES;
				CLANG_WARN_BOOL_CONVERSION = YES;
				CLANG_WARN_COMMA = YES;
				CLANG_WARN_CONSTANT_CONVERSION = YES;
				CLANG_WARN_DEPRECATED_OBJC_IMPLEMENTATIONS = YES;
				CLANG_WARN_DIRECT_OBJC_ISA_USAGE = YES_ERROR;
				CLANG_WARN_DOCUMENTATION_COMMENTS = YES;
				CLANG_WARN_EMPTY_BODY = YES;
				CLANG_WARN_ENUM_CONVERSION = YES;
				CLANG_WARN_INFINITE_RECURSION = YES;
				CLANG_WARN_INT_CONVERSION = YES;
				CLANG_WARN_NON_LITERAL_NULL_CONVERSION = YES;
				CLANG_WARN_OBJC_IMPLICIT_RETAIN_SELF = YES;
				CLANG_WARN_OBJC_LITERAL_CONVERSION = YES;
				CLANG_WARN_OBJC_ROOT_CLASS = YES_ERROR;
				CLANG_WARN_QUOTED_INCLUDE_IN_FRAMEWORK_HEADER = YES;
				CLANG_WARN_RANGE_LOOP_ANALYSIS = YES;
				CLANG_WARN_STRICT_PROTOTYPES = YES;
				CLANG_WARN_SUSPICIOUS_MOVE = YES;
				CLANG_WARN_UNGUARDED_AVAILABILITY = YES_AGGRESSIVE;
				CLANG_WARN_UNREACHABLE_CODE = YES;
				CLANG_WARN__DUPLICATE_METHOD_MATCH = YES;
				COPY_PHASE_STRIP = NO;
				DEBUG_INFORMATION_FORMAT = "dwarf-with-dsym";
				ENABLE_NS_ASSERTIONS = NO;
				ENABLE_STRICT_OBJC_MSGSEND = YES;
				ENABLE_USER_SCRIPT_SANDBOXING = YES;
				GCC_C_LANGUAGE_STANDARD = gnu17;
				GCC_NO_COMMON_BLOCKS = YES;
				GCC_WARN_64_TO_32_BIT_CONVERSION = YES;
				GCC_WARN_ABOUT_RETURN_TYPE = YES_ERROR;
				GCC_WARN_UNDECLARED_SELECTOR = YES;
				GCC_WARN_UNINITIALIZED_AUTOS = YES_AGGRESSIVE;
				GCC_WARN_UNUSED_FUNCTION = YES;
				GCC_WARN_UNUSED_VARIABLE = YES;
				LOCALIZATION_PREFERS_STRING_CATALOGS = YES;
				MTL_ENABLE_DEBUG_INFO = NO;
				MTL_FAST_MATH = YES;
				SWIFT_COMPILATION_MODE = wholemodule;
			};
			name = Release;
		};
		34AD13832BE8624E00CE0819 /* Debug */ = {
			isa = XCBuildConfiguration;
			buildSettings = {
				ASSETCATALOG_COMPILER_APPICON_NAME = AppIcon;
				ASSETCATALOG_COMPILER_GLOBAL_ACCENT_COLOR_NAME = AccentColor;
				CODE_SIGN_ENTITLEMENTS = Zartonk/Zartonk.entitlements;
				CODE_SIGN_STYLE = Automatic;
				CURRENT_PROJECT_VERSION = 1;
				DEVELOPMENT_ASSET_PATHS = "\"Zartonk/Preview Content\"";
				DEVELOPMENT_TEAM = 25664U42YD;
				ENABLE_HARDENED_RUNTIME = YES;
				ENABLE_PREVIEWS = YES;
				GENERATE_INFOPLIST_FILE = YES;
				"INFOPLIST_KEY_UIApplicationSceneManifest_Generation[sdk=iphoneos*]" = YES;
				"INFOPLIST_KEY_UIApplicationSceneManifest_Generation[sdk=iphonesimulator*]" = YES;
				"INFOPLIST_KEY_UIApplicationSupportsIndirectInputEvents[sdk=iphoneos*]" = YES;
				"INFOPLIST_KEY_UIApplicationSupportsIndirectInputEvents[sdk=iphonesimulator*]" = YES;
				"INFOPLIST_KEY_UILaunchScreen_Generation[sdk=iphoneos*]" = YES;
				"INFOPLIST_KEY_UILaunchScreen_Generation[sdk=iphonesimulator*]" = YES;
				"INFOPLIST_KEY_UIStatusBarStyle[sdk=iphoneos*]" = UIStatusBarStyleDefault;
				"INFOPLIST_KEY_UIStatusBarStyle[sdk=iphonesimulator*]" = UIStatusBarStyleDefault;
				INFOPLIST_KEY_UISupportedInterfaceOrientations_iPad = "UIInterfaceOrientationPortrait UIInterfaceOrientationPortraitUpsideDown UIInterfaceOrientationLandscapeLeft UIInterfaceOrientationLandscapeRight";
				INFOPLIST_KEY_UISupportedInterfaceOrientations_iPhone = "UIInterfaceOrientationPortrait UIInterfaceOrientationLandscapeLeft UIInterfaceOrientationLandscapeRight";
				IPHONEOS_DEPLOYMENT_TARGET = 17.2;
				LD_RUNPATH_SEARCH_PATHS = "@executable_path/Frameworks";
				"LD_RUNPATH_SEARCH_PATHS[sdk=macosx*]" = "@executable_path/../Frameworks";
				MACOSX_DEPLOYMENT_TARGET = 14.2;
				MARKETING_VERSION = 1.0;
				PRODUCT_BUNDLE_IDENTIFIER = lazariantech.com.Zartonk;
				PRODUCT_NAME = "$(TARGET_NAME)";
				SDKROOT = auto;
				SUPPORTED_PLATFORMS = "iphoneos iphonesimulator macosx";
				SWIFT_EMIT_LOC_STRINGS = YES;
				SWIFT_VERSION = 5.0;
				TARGETED_DEVICE_FAMILY = "1,2";
			};
			name = Debug;
		};
		34AD13842BE8624E00CE0819 /* Release */ = {
			isa = XCBuildConfiguration;
			buildSettings = {
				ASSETCATALOG_COMPILER_APPICON_NAME = AppIcon;
				ASSETCATALOG_COMPILER_GLOBAL_ACCENT_COLOR_NAME = AccentColor;
				CODE_SIGN_ENTITLEMENTS = Zartonk/Zartonk.entitlements;
				CODE_SIGN_STYLE = Automatic;
				CURRENT_PROJECT_VERSION = 1;
				DEVELOPMENT_ASSET_PATHS = "\"Zartonk/Preview Content\"";
				DEVELOPMENT_TEAM = 25664U42YD;
				ENABLE_HARDENED_RUNTIME = YES;
				ENABLE_PREVIEWS = YES;
				GENERATE_INFOPLIST_FILE = YES;
				"INFOPLIST_KEY_UIApplicationSceneManifest_Generation[sdk=iphoneos*]" = YES;
				"INFOPLIST_KEY_UIApplicationSceneManifest_Generation[sdk=iphonesimulator*]" = YES;
				"INFOPLIST_KEY_UIApplicationSupportsIndirectInputEvents[sdk=iphoneos*]" = YES;
				"INFOPLIST_KEY_UIApplicationSupportsIndirectInputEvents[sdk=iphonesimulator*]" = YES;
				"INFOPLIST_KEY_UILaunchScreen_Generation[sdk=iphoneos*]" = YES;
				"INFOPLIST_KEY_UILaunchScreen_Generation[sdk=iphonesimulator*]" = YES;
				"INFOPLIST_KEY_UIStatusBarStyle[sdk=iphoneos*]" = UIStatusBarStyleDefault;
				"INFOPLIST_KEY_UIStatusBarStyle[sdk=iphonesimulator*]" = UIStatusBarStyleDefault;
				INFOPLIST_KEY_UISupportedInterfaceOrientations_iPad = "UIInterfaceOrientationPortrait UIInterfaceOrientationPortraitUpsideDown UIInterfaceOrientationLandscapeLeft UIInterfaceOrientationLandscapeRight";
				INFOPLIST_KEY_UISupportedInterfaceOrientations_iPhone = "UIInterfaceOrientationPortrait UIInterfaceOrientationLandscapeLeft UIInterfaceOrientationLandscapeRight";
				IPHONEOS_DEPLOYMENT_TARGET = 17.2;
				LD_RUNPATH_SEARCH_PATHS = "@executable_path/Frameworks";
				"LD_RUNPATH_SEARCH_PATHS[sdk=macosx*]" = "@executable_path/../Frameworks";
				MACOSX_DEPLOYMENT_TARGET = 14.2;
				MARKETING_VERSION = 1.0;
				PRODUCT_BUNDLE_IDENTIFIER = lazariantech.com.Zartonk;
				PRODUCT_NAME = "$(TARGET_NAME)";
				SDKROOT = auto;
				SUPPORTED_PLATFORMS = "iphoneos iphonesimulator macosx";
				SWIFT_EMIT_LOC_STRINGS = YES;
				SWIFT_VERSION = 5.0;
				TARGETED_DEVICE_FAMILY = "1,2";
			};
			name = Release;
		};
		34AD13862BE8624E00CE0819 /* Debug */ = {
			isa = XCBuildConfiguration;
			buildSettings = {
				ALWAYS_EMBED_SWIFT_STANDARD_LIBRARIES = YES;
				BUNDLE_LOADER = "$(TEST_HOST)";
				CODE_SIGN_STYLE = Automatic;
				CURRENT_PROJECT_VERSION = 1;
				DEVELOPMENT_TEAM = 25664U42YD;
				GENERATE_INFOPLIST_FILE = YES;
				IPHONEOS_DEPLOYMENT_TARGET = 17.2;
				MACOSX_DEPLOYMENT_TARGET = 14.2;
				MARKETING_VERSION = 1.0;
				PRODUCT_BUNDLE_IDENTIFIER = lazariantech.com.ZartonkTests;
				PRODUCT_NAME = "$(TARGET_NAME)";
				SDKROOT = auto;
				SUPPORTED_PLATFORMS = "iphoneos iphonesimulator macosx";
				SWIFT_EMIT_LOC_STRINGS = NO;
				SWIFT_VERSION = 5.0;
				TARGETED_DEVICE_FAMILY = "1,2";
				TEST_HOST = "$(BUILT_PRODUCTS_DIR)/Zartonk.app/$(BUNDLE_EXECUTABLE_FOLDER_PATH)/Zartonk";
			};
			name = Debug;
		};
		34AD13872BE8624E00CE0819 /* Release */ = {
			isa = XCBuildConfiguration;
			buildSettings = {
				ALWAYS_EMBED_SWIFT_STANDARD_LIBRARIES = YES;
				BUNDLE_LOADER = "$(TEST_HOST)";
				CODE_SIGN_STYLE = Automatic;
				CURRENT_PROJECT_VERSION = 1;
				DEVELOPMENT_TEAM = 25664U42YD;
				GENERATE_INFOPLIST_FILE = YES;
				IPHONEOS_DEPLOYMENT_TARGET = 17.2;
				MACOSX_DEPLOYMENT_TARGET = 14.2;
				MARKETING_VERSION = 1.0;
				PRODUCT_BUNDLE_IDENTIFIER = lazariantech.com.ZartonkTests;
				PRODUCT_NAME = "$(TARGET_NAME)";
				SDKROOT = auto;
				SUPPORTED_PLATFORMS = "iphoneos iphonesimulator macosx";
				SWIFT_EMIT_LOC_STRINGS = NO;
				SWIFT_VERSION = 5.0;
				TARGETED_DEVICE_FAMILY = "1,2";
				TEST_HOST = "$(BUILT_PRODUCTS_DIR)/Zartonk.app/$(BUNDLE_EXECUTABLE_FOLDER_PATH)/Zartonk";
			};
			name = Release;
		};
		34AD13892BE8624E00CE0819 /* Debug */ = {
			isa = XCBuildConfiguration;
			buildSettings = {
				ALWAYS_EMBED_SWIFT_STANDARD_LIBRARIES = YES;
				CODE_SIGN_STYLE = Automatic;
				CURRENT_PROJECT_VERSION = 1;
				DEVELOPMENT_TEAM = 25664U42YD;
				GENERATE_INFOPLIST_FILE = YES;
				IPHONEOS_DEPLOYMENT_TARGET = 17.2;
				MACOSX_DEPLOYMENT_TARGET = 14.2;
				MARKETING_VERSION = 1.0;
				PRODUCT_BUNDLE_IDENTIFIER = lazariantech.com.ZartonkUITests;
				PRODUCT_NAME = "$(TARGET_NAME)";
				SDKROOT = auto;
				SUPPORTED_PLATFORMS = "iphoneos iphonesimulator macosx";
				SWIFT_EMIT_LOC_STRINGS = NO;
				SWIFT_VERSION = 5.0;
				TARGETED_DEVICE_FAMILY = "1,2";
				TEST_TARGET_NAME = Zartonk;
			};
			name = Debug;
		};
		34AD138A2BE8624E00CE0819 /* Release */ = {
			isa = XCBuildConfiguration;
			buildSettings = {
				ALWAYS_EMBED_SWIFT_STANDARD_LIBRARIES = YES;
				CODE_SIGN_STYLE = Automatic;
				CURRENT_PROJECT_VERSION = 1;
				DEVELOPMENT_TEAM = 25664U42YD;
				GENERATE_INFOPLIST_FILE = YES;
				IPHONEOS_DEPLOYMENT_TARGET = 17.2;
				MACOSX_DEPLOYMENT_TARGET = 14.2;
				MARKETING_VERSION = 1.0;
				PRODUCT_BUNDLE_IDENTIFIER = lazariantech.com.ZartonkUITests;
				PRODUCT_NAME = "$(TARGET_NAME)";
				SDKROOT = auto;
				SUPPORTED_PLATFORMS = "iphoneos iphonesimulator macosx";
				SWIFT_EMIT_LOC_STRINGS = NO;
				SWIFT_VERSION = 5.0;
				TARGETED_DEVICE_FAMILY = "1,2";
				TEST_TARGET_NAME = Zartonk;
			};
			name = Release;
		};
/* End XCBuildConfiguration section */

/* Begin XCConfigurationList section */
		34AD13582BE8624D00CE0819 /* Build configuration list for PBXProject "Zartonk" */ = {
			isa = XCConfigurationList;
			buildConfigurations = (
				34AD13802BE8624E00CE0819 /* Debug */,
				34AD13812BE8624E00CE0819 /* Release */,
			);
			defaultConfigurationIsVisible = 0;
			defaultConfigurationName = Release;
		};
		34AD13822BE8624E00CE0819 /* Build configuration list for PBXNativeTarget "Zartonk" */ = {
			isa = XCConfigurationList;
			buildConfigurations = (
				34AD13832BE8624E00CE0819 /* Debug */,
				34AD13842BE8624E00CE0819 /* Release */,
			);
			defaultConfigurationIsVisible = 0;
			defaultConfigurationName = Release;
		};
		34AD13852BE8624E00CE0819 /* Build configuration list for PBXNativeTarget "ZartonkTests" */ = {
			isa = XCConfigurationList;
			buildConfigurations = (
				34AD13862BE8624E00CE0819 /* Debug */,
				34AD13872BE8624E00CE0819 /* Release */,
			);
			defaultConfigurationIsVisible = 0;
			defaultConfigurationName = Release;
		};
		34AD13882BE8624E00CE0819 /* Build configuration list for PBXNativeTarget "ZartonkUITests" */ = {
			isa = XCConfigurationList;
			buildConfigurations = (
				34AD13892BE8624E00CE0819 /* Debug */,
				34AD138A2BE8624E00CE0819 /* Release */,
			);
			defaultConfigurationIsVisible = 0;
			defaultConfigurationName = Release;
		};
/* End XCConfigurationList section */
	};
	rootObject = 34AD13552BE8624D00CE0819 /* Project object */;
}
